github.com/davecgh/go-spew v1.1.0/go.mod h1:J7Y8YcW2NihsgmVo/mv3lAwl/skON4iLHjSsI+c5H38=
github.com/davecgh/go-spew v1.1.1 h1:vj9j/u1bqnvCEfJOwUhtlOARqs3+rkHYY13jYWTU97c=
github.com/davecgh/go-spew v1.1.1/go.mod h1:J7Y8YcW2NihsgmVo/mv3lAwl/skON4iLHjSsI+c5H38=
github.com/expr-lang/expr v1.16.2 h1:JvMnzUs3LeVHBvGFcXYmXo+Q6DPDmzrlcSBO6Wy3w4s=
github.com/expr-lang/expr v1.16.2/go.mod h1:uCkhfG+x7fcZ5A5sXHKuQ07jGZRl6J0FCAaf2k4PtVQ=
github.com/konsorten/go-windows-terminal-sequences v1.0.3/go.mod h1:T0+1ngSBFLxvqU3pZ+m/2kptfBszLMUkC4ZK/EgS/cQ=
github.com/lucasb-eyer/go-colorful v1.0.3/go.mod h1:R4dSotOR9KMtayYi1e77YzuveK+i7ruzyGqttikkLy0=
github.com/lucasb-eyer/go-colorful v1.2.0 h1:1nnpGOrhyZZuNyfu1QjKiUICQ74+3FNCN69Aj6K7nkY=
github.com/lucasb-eyer/go-colorful v1.2.0/go.mod h1:R4dSotOR9KMtayYi1e77YzuveK+i7ruzyGqttikkLy0=
github.com/pmezard/go-difflib v1.0.0 h1:4DBwDE0NGyQoBHbLQYPwSUPoCMWR5BEzIk/f1lZbAQM=
github.com/pmezard/go-difflib v1.0.0/go.mod h1:iKH77koFhYxTK1pcRnkKkqfTogsbg7gZNVY4sRDYZ/4=
github.com/shimmeringbee/bytecodec v0.0.0-20201107142444-94bb5c0baaee/go.mod h1:WYnxfxTJ45UQ+xeAuuTSIalcEepgP8Rb7T/OhCaDdgo=
github.com/shimmeringbee/bytecodec v0.0.0-20210228205504-1e9e0677347b h1:8q7X6JQwYKjnl+Absfv9m+LbDSBBllqTDDKzmtZ1ybY=
github.com/shimmeringbee/bytecodec v0.0.0-20210228205504-1e9e0677347b/go.mod h1:WYnxfxTJ45UQ+xeAuuTSIalcEepgP8Rb7T/OhCaDdgo=
github.com/shimmeringbee/callbacks v0.0.0-20221001135028-b85b5f89d5d6 h1:A1t2A3OrXEEdZqMw+zmwe6r7LbeZWP256es5TY9/k3Y=
github.com/shimmeringbee/callbacks v0.0.0-20221001135028-b85b5f89d5d6/go.mod h1:1AzT3lP4dAEaqWDdWsldhRtcl0+jyCGcZaBTHTjtA9w=
github.com/shimmeringbee/da v0.0.0-20240510193548-96e721e05984 h1:9PagEv7kb8Rk5jt1MYNpOgMllDbos/vulQzYIepJvM8=
github.com/shimmeringbee/da v0.0.0-20240510193548-96e721e05984/go.mod h1:jUKTa353LvJT3TAdwtmfGEbcxkYbG58h0gbASRf0FIs=
github.com/shimmeringbee/logwrap v0.1.3 h1:1PqPGdgbeQxACQqc6RUWERn7EnpA1jbiHzXVYFa7q2A=
github.com/shimmeringbee/logwrap v0.1.3/go.mod h1:NBAcZCUl6aFOGnWTs8m67EUAmWFZXRhoRQf5nknY8W0=
github.com/shimmeringbee/persistence v0.0.0-20240521193653-bb35128b5cdf h1:6qwSES3dm64Js7StXNsMg9QlCkSsx/Bt/GgysZeSdx8=
github.com/shimmeringbee/persistence v0.0.0-20240521193653-bb35128b5cdf/go.mod h1:dKKEj8uVcBM/CArQRE4yLw5DFRfAAzabI7mbgD1ZLeI=
github.com/shimmeringbee/retry v0.0.0-20221006193055-2ce01bf139c2 h1:HxpPz7w7SxVf1GmcM5oTK1JK64TGpK1UflweYRSOwC4=
github.com/shimmeringbee/retry v0.0.0-20221006193055-2ce01bf139c2/go.mod h1:KYvVq5b7/BSSlWng+AKB5jwNGpc0D7eg8ySWrdPAlms=
github.com/shimmeringbee/zcl v0.0.0-20240509210644-817a66d91348 h1:J0kBfQom8P2bXAychpcd8PN2qjvgxuqcJi3DktvTm+0=
github.com/shimmeringbee/zcl v0.0.0-20240509210644-817a66d91348/go.mod h1:oy+15b56Rms5RnwY/Ik4NlXSYusoAObOIVjfieLRfjQ=
github.com/shimmeringbee/zigbee v0.0.0-20201027194100-4e53cafc0f7a/go.mod h1:GMA6rVpzvUK16cZwi8uW11JUTx8xUGOk5DbkXYWvm/8=
github.com/shimmeringbee/zigbee v0.0.0-20221016122511-6c2328db0d94 h1:WlfIY/YXIl+8DvmyAnA1PD8pJ6kxRfXrFzWERTSv7pY=
github.com/shimmeringbee/zigbee v0.0.0-20221016122511-6c2328db0d94/go.mod h1:GMA6rVpzvUK16cZwi8uW11JUTx8xUGOk5DbkXYWvm/8=
github.com/sirupsen/logrus v1.6.0/go.mod h1:7uNnSEd1DgxDLC74fIahvMZmmYsHGZGEOFrfsX/uA88=
github.com/stretchr/objx v0.1.0/go.mod h1:HFkY916IF+rwdDfMAkV7OtwuqBVzrE8GR6GFx+wExME=
github.com/stretchr/objx v0.3.0/go.mod h1:qt09Ya8vawLte6SNmTgCsAVtYtaKzEcn8ATUoHMkEqE=
github.com/stretchr/objx v0.5.2 h1:xuMeJ0Sdp5ZMRXx/aWO6RZxdr3beISkG5/G/aIRr3pY=
github.com/stretchr/objx v0.5.2/go.mod h1:FRsXN1f5AsAjCGJKqEizvkpNtU+EGNCLh3NxZ/8L+MA=
github.com/stretchr/testify v1.2.2/go.mod h1:a8OnRcib4nhh0OaRAV+Yts87kKdq0PP7pXfy6kDkUVs=
github.com/stretchr/testify v1.3.0/go.mod h1:M5WIy9Dh21IEIfnGCwXGc5bZfKNJtfHm1UVUgZn+9EI=
github.com/stretchr/testify v1.4.0/go.mod h1:j7eGeouHqKxXV5pUuKE4zz7dFj8WfuZ+81PSLYec5m4=
github.com/stretchr/testify v1.6.1/go.mod h1:6Fq8oRcR53rry900zMqJjRRixrwX3KX962/h/Wwjteg=
github.com/stretchr/testify v1.9.0 h1:HtqpIVDClZ4nwg75+f6Lvsy/wHu+3BoSGCbBAcpTsTg=
github.com/stretchr/testify v1.9.0/go.mod h1:r2ic/lqez/lEtzL7wO/rwa5dbSLXVDPFyf8C91i36aY=
golang.org/x/sync v0.6.0 h1:5BMeUDZ7vkXGfEr1x9B4bRcTH4lpkTkpdh0T/J+qjbQ=
golang.org/x/sync v0.6.0/go.mod h1:Czt+wKu1gCyEFDUtn0jG5QVvpJ6rzVqr5aXyt9drQfk=
golang.org/x/sys v0.0.0-20190422165155-953cdadca894/go.mod h1:h1NjWce9XRLGQEsW7wpKNCjG9DtNlClVuFLEZdDNbEs=
gopkg.in/check.v1 v0.0.0-20161208181325-20d25e280405 h1:yhCVgyC4o1eVCa2tZl7eS0r+SDo693bJlVdllGtEeKM=
gopkg.in/check.v1 v0.0.0-20161208181325-20d25e280405/go.mod h1:Co6ibVJAznAaIkqp8huTwlJQCZ016jof/cbN4VW5Yz0=
gopkg.in/yaml.v2 v2.2.2/go.mod h1:hI93XBmqTisBFMUTm0b8Fm+jr3Dg1NNxqwp+5A1VGuI=
gopkg.in/yaml.v3 v3.0.0-20200313102051-9f266ea9e77c/go.mod h1:K4uyk7z7BCEPqu6E+C64Yfv1cQ7kz7rIZviUmN+EgEM=
gopkg.in/yaml.v3 v3.0.0-20200615113413-eeeca48fe776/go.mod h1:K4uyk7z7BCEPqu6E+C64Yfv1cQ7kz7rIZviUmN+EgEM=
gopkg.in/yaml.v3 v3.0.1 h1:fxVm/GzAzEWqLHuvctI91KS9hhNmmWOoWu0XTYJS7CA=
gopkg.in/yaml.v3 v3.0.1/go.mod h1:K4uyk7z7BCEPqu6E+C64Yfv1cQ7kz7rIZviUmN+EgEM=
