github.com/davecgh/go-spew v1.1.0 h1:ZDRjVQ15GmhC3fiQ8ni8+OwkZQO4DARzQgrnXU1Liz8=
github.com/davecgh/go-spew v1.1.0/go.mod h1:J7Y8YcW2NihsgmVo/mv3lAwl/skON4iLHjSsI+c5H38=
github.com/davecgh/go-spew v1.1.1 h1:vj9j/u1bqnvCEfJOwUhtlOARqs3+rkHYY13jYWTU97c=
github.com/davecgh/go-spew v1.1.1/go.mod h1:J7Y8YcW2NihsgmVo/mv3lAwl/skON4iLHjSsI+c5H38=
github.com/pmezard/go-difflib v1.0.0 h1:4DBwDE0NGyQoBHbLQYPwSUPoCMWR5BEzIk/f1lZbAQM=
github.com/pmezard/go-difflib v1.0.0/go.mod h1:iKH77koFhYxTK1pcRnkKkqfTogsbg7gZNVY4sRDYZ/4=
github.com/shimmeringbee/bytecodec v0.0.0-20201010084809-f41297878cdb h1:eIpxXfxOLwQAQ6/C+Vaq/wILOTG/os+WruItCFdXXFU=
github.com/shimmeringbee/bytecodec v0.0.0-20201010084809-f41297878cdb/go.mod h1:WYnxfxTJ45UQ+xeAuuTSIalcEepgP8Rb7T/OhCaDdgo=
github.com/shimmeringbee/callbacks v0.0.0-20201009192759-a81dc46c692d h1:zjblETt5RHDVHQFedyKq5c2BFEIgkRs4/o00RdLqcaw=
github.com/shimmeringbee/callbacks v0.0.0-20201009192759-a81dc46c692d/go.mod h1:1AzT3lP4dAEaqWDdWsldhRtcl0+jyCGcZaBTHTjtA9w=
github.com/shimmeringbee/da v0.0.0-20201030173812-b00048f7352f h1:/yKCxIpfi5B+/TLxWMHMvJL1TJeM3s+qIpT4FIRKa3A=
github.com/shimmeringbee/da v0.0.0-20201030173812-b00048f7352f/go.mod h1:XZAIM1Ks/Ot7uXCnonsdCnbuXTuvySZ5yrF7nHC/+30=
github.com/shimmeringbee/da v0.0.0-20201101185751-6f108dd8399f h1:J29uwF6X69j/qAmTcd1aVsRvIUHqL87q97XDpyK/4Qw=
github.com/shimmeringbee/da v0.0.0-20201101185751-6f108dd8399f/go.mod h1:XZAIM1Ks/Ot7uXCnonsdCnbuXTuvySZ5yrF7nHC/+30=
github.com/shimmeringbee/da v0.0.0-20201101194122-245380c6b41f h1:LyJSRm+hmfUY/8p7mmWB7WiqDwkqD4raHnk6MElsM0c=
github.com/shimmeringbee/da v0.0.0-20201101194122-245380c6b41f/go.mod h1:XZAIM1Ks/Ot7uXCnonsdCnbuXTuvySZ5yrF7nHC/+30=
github.com/shimmeringbee/da v0.0.0-20201101195447-f125e4feb767 h1:OTTelBkGlZT3Dnbpz0YS3ywn2uP0xinZiytf+Z0mKXU=
github.com/shimmeringbee/da v0.0.0-20201101195447-f125e4feb767/go.mod h1:XZAIM1Ks/Ot7uXCnonsdCnbuXTuvySZ5yrF7nHC/+30=
github.com/shimmeringbee/da v0.0.0-20201102203253-401ab173f3ef h1:+9y5KnyPe66ZOa8yPg5HRXWQ6REsy9c+75WTmAWhucw=
github.com/shimmeringbee/da v0.0.0-20201102203253-401ab173f3ef/go.mod h1:XZAIM1Ks/Ot7uXCnonsdCnbuXTuvySZ5yrF7nHC/+30=
github.com/shimmeringbee/da v0.0.0-20201102215624-eb268e7ff399 h1:E9er5tZ1JetyVnxbFuqIq5U9QwViK6YerBdDwo84lBY=
github.com/shimmeringbee/da v0.0.0-20201102215624-eb268e7ff399/go.mod h1:XZAIM1Ks/Ot7uXCnonsdCnbuXTuvySZ5yrF7nHC/+30=
github.com/shimmeringbee/da v0.0.0-20201102215825-9fa1353d4c2e h1:nluc1Axr1hEfA3YWj3AgUAocKHJxvge3Qb52/St8aH0=
github.com/shimmeringbee/da v0.0.0-20201102215825-9fa1353d4c2e/go.mod h1:XZAIM1Ks/Ot7uXCnonsdCnbuXTuvySZ5yrF7nHC/+30=
github.com/shimmeringbee/retry v0.0.0-20201009192801-17b4f327c3e1 h1:XHZWCYRj+2lAwQhchW+SGbSeF/gTpZwROonbyT9u9A4=
github.com/shimmeringbee/retry v0.0.0-20201009192801-17b4f327c3e1/go.mod h1:FFeFkkqdD9vdDFr2la9PkSTQr6qgU9aBiGU3QKn8ZKY=
github.com/shimmeringbee/zcl v0.0.0-20201101111711-57f0014813c3 h1:BMoRmj5cyrIepQcAjDhg+4QKCLxPSVXD3/3MCDTgzfY=
github.com/shimmeringbee/zcl v0.0.0-20201101111711-57f0014813c3/go.mod h1:lAIQ9nR+udVVO9Gypsxiu0Xe4Lodjsp351TvH04mulc=
github.com/shimmeringbee/zcl v0.0.0-20201101212327-52ceb60e7b3a h1:73P+43N1eAhVPr0mfUShag/2UXLcLB8nk30kew3I3A8=
github.com/shimmeringbee/zcl v0.0.0-20201101212327-52ceb60e7b3a/go.mod h1:lAIQ9nR+udVVO9Gypsxiu0Xe4Lodjsp351TvH04mulc=
github.com/shimmeringbee/zcl v0.0.0-20201102193858-ee5e5d38e02f h1:rm8fWaPwlhrYe+9fA7pS60S3kZB9yT78WsfLRr+8rEw=
github.com/shimmeringbee/zcl v0.0.0-20201102193858-ee5e5d38e02f/go.mod h1:lAIQ9nR+udVVO9Gypsxiu0Xe4Lodjsp351TvH04mulc=
github.com/shimmeringbee/zcl v0.0.0-20201103165345-96f0b26992a7 h1:lpJ2inSoyZ32qp0G+kRxGASWmq4kB9o+64Lq/XC1YTY=
github.com/shimmeringbee/zcl v0.0.0-20201103165345-96f0b26992a7/go.mod h1:lAIQ9nR+udVVO9Gypsxiu0Xe4Lodjsp351TvH04mulc=
github.com/shimmeringbee/zcl v0.0.0-20201103170143-9dd827c5459a h1:ydnO6turP5/+4fOt3evNxQFH4oqbkKKkVTaww1AMzKE=
github.com/shimmeringbee/zcl v0.0.0-20201103170143-9dd827c5459a/go.mod h1:lAIQ9nR+udVVO9Gypsxiu0Xe4Lodjsp351TvH04mulc=
github.com/shimmeringbee/zigbee v0.0.0-20201025164059-d8035d706a71 h1:tPqsPIbaKd/9oj0V3zMJuJIqKuAjK7vki9zhSTpw7m8=
github.com/shimmeringbee/zigbee v0.0.0-20201025164059-d8035d706a71/go.mod h1:GMA6rVpzvUK16cZwi8uW11JUTx8xUGOk5DbkXYWvm/8=
github.com/shimmeringbee/zigbee v0.0.0-20201027194100-4e53cafc0f7a h1:PNZqpjc7ouHQ1MKqerPNNeLOcTsXWZ0ZF9avU8LG9Es=
github.com/shimmeringbee/zigbee v0.0.0-20201027194100-4e53cafc0f7a/go.mod h1:GMA6rVpzvUK16cZwi8uW11JUTx8xUGOk5DbkXYWvm/8=
github.com/stretchr/objx v0.1.0 h1:4G4v2dO3VZwixGIRoQ5Lfboy6nUhCyYzaqnIAPPhYs4=
github.com/stretchr/objx v0.1.0/go.mod h1:HFkY916IF+rwdDfMAkV7OtwuqBVzrE8GR6GFx+wExME=
github.com/stretchr/objx v0.3.0 h1:NGXK3lHquSN08v5vWalVI/L8XU9hdzE/G6xsrze47As=
github.com/stretchr/objx v0.3.0/go.mod h1:qt09Ya8vawLte6SNmTgCsAVtYtaKzEcn8ATUoHMkEqE=
github.com/stretchr/testify v1.3.0/go.mod h1:M5WIy9Dh21IEIfnGCwXGc5bZfKNJtfHm1UVUgZn+9EI=
github.com/stretchr/testify v1.4.0 h1:2E4SXV/wtOkTonXsotYi4li6zVWxYlZuYNCXe9XRJyk=
github.com/stretchr/testify v1.4.0/go.mod h1:j7eGeouHqKxXV5pUuKE4zz7dFj8WfuZ+81PSLYec5m4=
github.com/stretchr/testify v1.5.1 h1:nOGnQDM7FYENwehXlg/kFVnos3rEvtKTjRvOWSzb6H4=
github.com/stretchr/testify v1.5.1/go.mod h1:5W2xD1RspED5o8YsWQXVCued0rvSQ+mT+I5cxcmMvtA=
github.com/stretchr/testify v1.6.1 h1:hDPOHmpOpP40lSULcqw7IrRb/u7w6RpDC9399XyoNd0=
github.com/stretchr/testify v1.6.1/go.mod h1:6Fq8oRcR53rry900zMqJjRRixrwX3KX962/h/Wwjteg=
gopkg.in/check.v1 v0.0.0-20161208181325-20d25e280405 h1:yhCVgyC4o1eVCa2tZl7eS0r+SDo693bJlVdllGtEeKM=
gopkg.in/check.v1 v0.0.0-20161208181325-20d25e280405/go.mod h1:Co6ibVJAznAaIkqp8huTwlJQCZ016jof/cbN4VW5Yz0=
gopkg.in/yaml.v2 v2.2.2 h1:ZCJp+EgiOT7lHqUV2J862kp8Qj64Jo6az82+3Td9dZw=
gopkg.in/yaml.v2 v2.2.2/go.mod h1:hI93XBmqTisBFMUTm0b8Fm+jr3Dg1NNxqwp+5A1VGuI=
gopkg.in/yaml.v3 v3.0.0-20200313102051-9f266ea9e77c h1:dUUwHk2QECo/6vqA44rthZ8ie2QXMNeKRTHCNY2nXvo=
gopkg.in/yaml.v3 v3.0.0-20200313102051-9f266ea9e77c/go.mod h1:K4uyk7z7BCEPqu6E+C64Yfv1cQ7kz7rIZviUmN+EgEM=
gopkg.in/yaml.v3 v3.0.0-20200615113413-eeeca48fe776 h1:tQIYjPdBoyREyB9XMu+nnTclpTYkz2zFM+lzLJFO4gQ=
gopkg.in/yaml.v3 v3.0.0-20200615113413-eeeca48fe776/go.mod h1:K4uyk7z7BCEPqu6E+C64Yfv1cQ7kz7rIZviUmN+EgEM=
